
Microsoft Visual Studio Solution File, Format Version 12.00
# Visual Studio Express 15 for Windows Desktop
VisualStudioVersion = 15.0.36617.4
MinimumVisualStudioVersion = 10.0.40219.1
Project("{FAE04EC0-301F-11D3-BF4B-00C04F79EFBC}") = "PeerChat", "PeerChat\PeerChat.csproj", "{B0B87753-85F5-4F06-9025-E7681E725826}"
EndProject
Global
	GlobalSection(SolutionConfigurationPlatforms) = preSolution
		Debug|Any CPU = Debug|Any CPU
		Release|Any CPU = Release|Any CPU
	EndGlobalSection
	GlobalSection(ProjectConfigurationPlatforms) = postSolution
		{B0B87753-85F5-4F06-9025-E7681E725826}.Debug|Any CPU.ActiveCfg = Debug|Any CPU
		{B0B87753-85F5-4F06-9025-E7681E725826}.Debug|Any CPU.Build.0 = Debug|Any CPU
		{B0B87753-85F5-4F06-9025-E7681E725826}.Release|Any CPU.ActiveCfg = Release|Any CPU
		{B0B87753-85F5-4F06-9025-E7681E725826}.Release|Any CPU.Build.0 = Release|Any CPU
	EndGlobalSection
	GlobalSection(SolutionProperties) = preSolution
		HideSolutionNode = FALSE
	EndGlobalSection
	GlobalSection(ExtensibilityGlobals) = postSolution
		SolutionGuid = {CF302347-4D9C-42F6-B46F-CE552C120EE5}
	EndGlobalSection
EndGlobal
